
Microsoft Visual Studio Solution File, Format Version 12.00
# Visual Studio Version 16
VisualStudioVersion = 16.0.29509.3
MinimumVisualStudioVersion = 10.0.40219.1
Project("{FAE04EC0-301F-11D3-BF4B-00C04F79EFBC}") = "WpfApp1", "WpfApp1\WpfApp1.csproj", "{463A0826-8B45-4D1E-B3ED-C7E3BA6CB1AA}"
EndProject
Global
	GlobalSection(SolutionConfigurationPlatforms) = preSolution
		Debug|Any CPU = Debug|Any CPU
		Release|Any CPU = Release|Any CPU
	EndGlobalSection
	GlobalSection(ProjectConfigurationPlatforms) = postSolution
		{463A0826-8B45-4D1E-B3ED-C7E3BA6CB1AA}.Debug|Any CPU.ActiveCfg = Debug|Any CPU
		{463A0826-8B45-4D1E-B3ED-C7E3BA6CB1AA}.Debug|Any CPU.Build.0 = Debug|Any CPU
		{463A0826-8B45-4D1E-B3ED-C7E3BA6CB1AA}.Release|Any CPU.ActiveCfg = Release|Any CPU
		{463A0826-8B45-4D1E-B3ED-C7E3BA6CB1AA}.Release|Any CPU.Build.0 = Release|Any CPU
	EndGlobalSection
	GlobalSection(SolutionProperties) = preSolution
		HideSolutionNode = FALSE
	EndGlobalSection
	GlobalSection(ExtensibilityGlobals) = postSolution
		SolutionGuid = {77174856-CDDD-42BF-8DD4-FF689C73348A}
	EndGlobalSection
EndGlobal
